
Microsoft Visual Studio Solution File, Format Version 12.00
# Visual Studio Version 16
VisualStudioVersion = 16.0.31729.503
MinimumVisualStudioVersion = 10.0.40219.1
Project("{FAE04EC0-301F-11D3-BF4B-00C04F79EFBC}") = "TestletLibrary", "TestletLibrary\TestletLibrary.csproj", "{FD241B17-0ABB-4389-AFCB-BB43F2805181}"
EndProject
Global
	GlobalSection(SolutionConfigurationPlatforms) = preSolution
		Debug|Any CPU = Debug|Any CPU
		Release|Any CPU = Release|Any CPU
	EndGlobalSection
	GlobalSection(ProjectConfigurationPlatforms) = postSolution
		{FD241B17-0ABB-4389-AFCB-BB43F2805181}.Debug|Any CPU.ActiveCfg = Debug|Any CPU
		{FD241B17-0ABB-4389-AFCB-BB43F2805181}.Debug|Any CPU.Build.0 = Debug|Any CPU
		{FD241B17-0ABB-4389-AFCB-BB43F2805181}.Release|Any CPU.ActiveCfg = Release|Any CPU
		{FD241B17-0ABB-4389-AFCB-BB43F2805181}.Release|Any CPU.Build.0 = Release|Any CPU
	EndGlobalSection
	GlobalSection(SolutionProperties) = preSolution
		HideSolutionNode = FALSE
	EndGlobalSection
	GlobalSection(ExtensibilityGlobals) = postSolution
		SolutionGuid = {08B66974-4CCE-45F5-9AC2-44088C8E6F0A}
	EndGlobalSection
EndGlobal
